// !$*UTF8*$!
{
	archiveVersion = 1;
	classes = {
	};
	objectVersion = 50;
	objects = {

/* Begin PBXBuildFile section */
		4A6137D120AAE14700C77B2E /* AppDelegate.m in Sources */ = {isa = PBXBuildFile; fileRef = 4A6137D020AAE14700C77B2E /* AppDelegate.m */; };
		4A6137D420AAE14700C77B2E /* ViewController.m in Sources */ = {isa = PBXBuildFile; fileRef = 4A6137D320AAE14700C77B2E /* ViewController.m */; };
		4A6137D720AAE14700C77B2E /* Main.storyboard in Resources */ = {isa = PBXBuildFile; fileRef = 4A6137D520AAE14700C77B2E /* Main.storyboard */; };
		4A6137DA20AAE14700C77B2E /* SAMPLE.xcdatamodeld in Sources */ = {isa = PBXBuildFile; fileRef = 4A6137D820AAE14700C77B2E /* SAMPLE.xcdatamodeld */; };
		4A6137DC20AAE14900C77B2E /* Assets.xcassets in Resources */ = {isa = PBXBuildFile; fileRef = 4A6137DB20AAE14900C77B2E /* Assets.xcassets */; };
		4A6137DF20AAE14900C77B2E /* LaunchScreen.storyboard in Resources */ = {isa = PBXBuildFile; fileRef = 4A6137DD20AAE14900C77B2E /* LaunchScreen.storyboard */; };
		4A6137E220AAE14900C77B2E /* main.m in Sources */ = {isa = PBXBuildFile; fileRef = 4A6137E120AAE14900C77B2E /* main.m */; };
		4A6137EC20AAE14900C77B2E /* SAMPLETests.m in Sources */ = {isa = PBXBuildFile; fileRef = 4A6137EB20AAE14900C77B2E /* SAMPLETests.m */; };
		4A6137F720AAE14900C77B2E /* SAMPLEUITests.m in Sources */ = {isa = PBXBuildFile; fileRef = 4A6137F620AAE14900C77B2E /* SAMPLEUITests.m */; };
/* End PBXBuildFile section */

/* Begin PBXContainerItemProxy section */
		4A6137E820AAE14900C77B2E /* PBXContainerItemProxy */ = {
			isa = PBXContainerItemProxy;
			containerPortal = 4A6137C420AAE14700C77B2E /* Project object */;
			proxyType = 1;
			remoteGlobalIDString = 4A6137CB20AAE14700C77B2E;
			remoteInfo = SAMPLE;
		};
		4A6137F320AAE14900C77B2E /* PBXContainerItemProxy */ = {
			isa = PBXContainerItemProxy;
			containerPortal = 4A6137C420AAE14700C77B2E /* Project object */;
			proxyType = 1;
			remoteGlobalIDString = 4A6137CB20AAE14700C77B2E;
			remoteInfo = SAMPLE;
		};
/* End PBXContainerItemProxy section */

/* Begin PBXFileReference section */
		4A6137CC20AAE14700C77B2E /* SAMPLE.app */ = {isa = PBXFileReference; explicitFileType = wrapper.application; includeInIndex = 0; path = SAMPLE.app; sourceTree = BUILT_PRODUCTS_DIR; };
		4A6137CF20AAE14700C77B2E /* AppDelegate.h */ = {isa = PBXFileReference; lastKnownFileType = sourcecode.c.h; path = AppDelegate.h; sourceTree = "<group>"; };
		4A6137D020AAE14700C77B2E /* AppDelegate.m */ = {isa = PBXFileReference; lastKnownFileType = sourcecode.c.objc; path = AppDelegate.m; sourceTree = "<group>"; };
		4A6137D220AAE14700C77B2E /* ViewController.h */ = {isa = PBXFileReference; lastKnownFileType = sourcecode.c.h; path = ViewController.h; sourceTree = "<group>"; };
		4A6137D320AAE14700C77B2E /* ViewController.m */ = {isa = PBXFileReference; lastKnownFileType = sourcecode.c.objc; path = ViewController.m; sourceTree = "<group>"; };
		4A6137D620AAE14700C77B2E /* Base */ = {isa = PBXFileReference; lastKnownFileType = file.storyboard; name = Base; path = Base.lproj/Main.storyboard; sourceTree = "<group>"; };
		4A6137D920AAE14700C77B2E /* SAMPLE.xcdatamodel */ = {isa = PBXFileReference; lastKnownFileType = wrapper.xcdatamodel; path = SAMPLE.xcdatamodel; sourceTree = "<group>"; };
		4A6137DB20AAE14900C77B2E /* Assets.xcassets */ = {isa = PBXFileReference; lastKnownFileType = folder.assetcatalog; path = Assets.xcassets; sourceTree = "<group>"; };
		4A6137DE20AAE14900C77B2E /* Base */ = {isa = PBXFileReference; lastKnownFileType = file.storyboard; name = Base; path = Base.lproj/LaunchScreen.storyboard; sourceTree = "<group>"; };
		4A6137E020AAE14900C77B2E /* Info.plist */ = {isa = PBXFileReference; lastKnownFileType = text.plist.xml; path = Info.plist; sourceTree = "<group>"; };
		4A6137E120AAE14900C77B2E /* main.m */ = {isa = PBXFileReference; lastKnownFileType = sourcecode.c.objc; path = main.m; sourceTree = "<group>"; };
		4A6137E720AAE14900C77B2E /* SAMPLETests.xctest */ = {isa = PBXFileReference; explicitFileType = wrapper.cfbundle; includeInIndex = 0; path = SAMPLETests.xctest; sourceTree = BUILT_PRODUCTS_DIR; };
		4A6137EB20AAE14900C77B2E /* SAMPLETests.m */ = {isa = PBXFileReference; lastKnownFileType = sourcecode.c.objc; path = SAMPLETests.m; sourceTree = "<group>"; };
		4A6137ED20AAE14900C77B2E /* Info.plist */ = {isa = PBXFileReference; lastKnownFileType = text.plist.xml; path = Info.plist; sourceTree = "<group>"; };
		4A6137F220AAE14900C77B2E /* SAMPLEUITests.xctest */ = {isa = PBXFileReference; explicitFileType = wrapper.cfbundle; includeInIndex = 0; path = SAMPLEUITests.xctest; sourceTree = BUILT_PRODUCTS_DIR; };
		4A6137F620AAE14900C77B2E /* SAMPLEUITests.m */ = {isa = PBXFileReference; lastKnownFileType = sourcecode.c.objc; path = SAMPLEUITests.m; sourceTree = "<group>"; };
		4A6137F820AAE14900C77B2E /* Info.plist */ = {isa = PBXFileReference; lastKnownFileType = text.plist.xml; path = Info.plist; sourceTree = "<group>"; };
/* End PBXFileReference section */

/* Begin PBXFrameworksBuildPhase section */
		4A6137C920AAE14700C77B2E /* Frameworks */ = {
			isa = PBXFrameworksBuildPhase;
			buildActionMask = 2147483647;
			files = (
			);
			runOnlyForDeploymentPostprocessing = 0;
		};
		4A6137E420AAE14900C77B2E /* Frameworks */ = {
			isa = PBXFrameworksBuildPhase;
			buildActionMask = 2147483647;
			files = (
			);
			runOnlyForDeploymentPostprocessing = 0;
		};
		4A6137EF20AAE14900C77B2E /* Frameworks */ = {
			isa = PBXFrameworksBuildPhase;
			buildActionMask = 2147483647;
			files = (
			);
			runOnlyForDeploymentPostprocessing = 0;
		};
/* End PBXFrameworksBuildPhase section */

/* Begin PBXGroup section */
		4A6137C320AAE14700C77B2E = {
			isa = PBXGroup;
			children = (
				4A6137CE20AAE14700C77B2E /* SAMPLE */,
				4A6137EA20AAE14900C77B2E /* SAMPLETests */,
				4A6137F520AAE14900C77B2E /* SAMPLEUITests */,
				4A6137CD20AAE14700C77B2E /* Products */,
			);
			sourceTree = "<group>";
		};
		4A6137CD20AAE14700C77B2E /* Products */ = {
			isa = PBXGroup;
			children = (
				4A6137CC20AAE14700C77B2E /* SAMPLE.app */,
				4A6137E720AAE14900C77B2E /* SAMPLETests.xctest */,
				4A6137F220AAE14900C77B2E /* SAMPLEUITests.xctest */,
			);
			name = Products;
			sourceTree = "<group>";
		};
		4A6137CE20AAE14700C77B2E /* SAMPLE */ = {
			isa = PBXGroup;
			children = (
				4A6137CF20AAE14700C77B2E /* AppDelegate.h */,
				4A6137D020AAE14700C77B2E /* AppDelegate.m */,
				4A6137D220AAE14700C77B2E /* ViewController.h */,
				4A6137D320AAE14700C77B2E /* ViewController.m */,
				4A6137D520AAE14700C77B2E /* Main.storyboard */,
				4A6137DB20AAE14900C77B2E /* Assets.xcassets */,
				4A6137DD20AAE14900C77B2E /* LaunchScreen.storyboard */,
				4A6137E020AAE14900C77B2E /* Info.plist */,
				4A6137E120AAE14900C77B2E /* main.m */,
				4A6137D820AAE14700C77B2E /* SAMPLE.xcdatamodeld */,
			);
			path = SAMPLE;
			sourceTree = "<group>";
		};
		4A6137EA20AAE14900C77B2E /* SAMPLETests */ = {
			isa = PBXGroup;
			children = (
				4A6137EB20AAE14900C77B2E /* SAMPLETests.m */,
				4A6137ED20AAE14900C77B2E /* Info.plist */,
			);
			path = SAMPLETests;
			sourceTree = "<group>";
		};
		4A6137F520AAE14900C77B2E /* SAMPLEUITests */ = {
			isa = PBXGroup;
			children = (
				4A6137F620AAE14900C77B2E /* SAMPLEUITests.m */,
				4A6137F820AAE14900C77B2E /* Info.plist */,
			);
			path = SAMPLEUITests;
			sourceTree = "<group>";
		};
/* End PBXGroup section */

/* Begin PBXNativeTarget section */
		4A6137CB20AAE14700C77B2E /* SAMPLE */ = {
			isa = PBXNativeTarget;
			buildConfigurationList = 4A6137FB20AAE14900C77B2E /* Build configuration list for PBXNativeTarget "SAMPLE" */;
			buildPhases = (
				4A6137C820AAE14700C77B2E /* Sources */,
				4A6137C920AAE14700C77B2E /* Frameworks */,
				4A6137CA20AAE14700C77B2E /* Resources */,
			);
			buildRules = (
			);
			dependencies = (
			);
			name = SAMPLE;
			productName = SAMPLE;
			productReference = 4A6137CC20AAE14700C77B2E /* SAMPLE.app */;
			productType = "com.apple.product-type.application";
		};
		4A6137E620AAE14900C77B2E /* SAMPLETests */ = {
			isa = PBXNativeTarget;
			buildConfigurationList = 4A6137FE20AAE14900C77B2E /* Build configuration list for PBXNativeTarget "SAMPLETests" */;
			buildPhases = (
				4A6137E320AAE14900C77B2E /* Sources */,
				4A6137E420AAE14900C77B2E /* Frameworks */,
				4A6137E520AAE14900C77B2E /* Resources */,
			);
			buildRules = (
			);
			dependencies = (
				4A6137E920AAE14900C77B2E /* PBXTargetDependency */,
			);
			name = SAMPLETests;
			productName = SAMPLETests;
			productReference = 4A6137E720AAE14900C77B2E /* SAMPLETests.xctest */;
			productType = "com.apple.product-type.bundle.unit-test";
		};
		4A6137F120AAE14900C77B2E /* SAMPLEUITests */ = {
			isa = PBXNativeTarget;
			buildConfigurationList = 4A61380120AAE14900C77B2E /* Build configuration list for PBXNativeTarget "SAMPLEUITests" */;
			buildPhases = (
				4A6137EE20AAE14900C77B2E /* Sources */,
				4A6137EF20AAE14900C77B2E /* Frameworks */,
				4A6137F020AAE14900C77B2E /* Resources */,
			);
			buildRules = (
			);
			dependencies = (
				4A6137F420AAE14900C77B2E /* PBXTargetDependency */,
			);
			name = SAMPLEUITests;
			productName = SAMPLEUITests;
			productReference = 4A6137F220AAE14900C77B2E /* SAMPLEUITests.xctest */;
			productType = "com.apple.product-type.bundle.ui-testing";
		};
/* End PBXNativeTarget section */

/* Begin PBXProject section */
		4A6137C420AAE14700C77B2E /* Project object */ = {
			isa = PBXProject;
			attributes = {
				LastUpgradeCheck = 0930;
				ORGANIZATIONNAME = Lovina;
				TargetAttributes = {
					4A6137CB20AAE14700C77B2E = {
						CreatedOnToolsVersion = 9.3.1;
					};
					4A6137E620AAE14900C77B2E = {
						CreatedOnToolsVersion = 9.3.1;
						TestTargetID = 4A6137CB20AAE14700C77B2E;
					};
					4A6137F120AAE14900C77B2E = {
						CreatedOnToolsVersion = 9.3.1;
						TestTargetID = 4A6137CB20AAE14700C77B2E;
					};
				};
			};
			buildConfigurationList = 4A6137C720AAE14700C77B2E /* Build configuration list for PBXProject "SAMPLE" */;
			compatibilityVersion = "Xcode 9.3";
			developmentRegion = en;
			hasScannedForEncodings = 0;
			knownRegions = (
				en,
				Base,
			);
			mainGroup = 4A6137C320AAE14700C77B2E;
			productRefGroup = 4A6137CD20AAE14700C77B2E /* Products */;
			projectDirPath = "";
			projectRoot = "";
			targets = (
				4A6137CB20AAE14700C77B2E /* SAMPLE */,
				4A6137E620AAE14900C77B2E /* SAMPLETests */,
				4A6137F120AAE14900C77B2E /* SAMPLEUITests */,
			);
		};
/* End PBXProject section */

/* Begin PBXResourcesBuildPhase section */
		4A6137CA20AAE14700C77B2E /* Resources */ = {
			isa = PBXResourcesBuildPhase;
			buildActionMask = 2147483647;
			files = (
				4A6137DF20AAE14900C77B2E /* LaunchScreen.storyboard in Resources */,
				4A6137DC20AAE14900C77B2E /* Assets.xcassets in Resources */,
				4A6137D720AAE14700C77B2E /* Main.storyboard in Resources */,
			);
			runOnlyForDeploymentPostprocessing = 0;
		};
		4A6137E520AAE14900C77B2E /* Resources */ = {
			isa = PBXResourcesBuildPhase;
			buildActionMask = 2147483647;
			files = (
			);
			runOnlyForDeploymentPostprocessing = 0;
		};
		4A6137F020AAE14900C77B2E /* Resources */ = {
			isa = PBXResourcesBuildPhase;
			buildActionMask = 2147483647;
			files = (
			);
			runOnlyForDeploymentPostprocessing = 0;
		};
/* End PBXResourcesBuildPhase section */

/* Begin PBXSourcesBuildPhase section */
		4A6137C820AAE14700C77B2E /* Sources */ = {
			isa = PBXSourcesBuildPhase;
			buildActionMask = 2147483647;
			files = (
				4A6137D420AAE14700C77B2E /* ViewController.m in Sources */,
				4A6137DA20AAE14700C77B2E /* SAMPLE.xcdatamodeld in Sources */,
				4A6137E220AAE14900C77B2E /* main.m in Sources */,
				4A6137D120AAE14700C77B2E /* AppDelegate.m in Sources */,
			);
			runOnlyForDeploymentPostprocessing = 0;
		};
		4A6137E320AAE14900C77B2E /* Sources */ = {
			isa = PBXSourcesBuildPhase;
			buildActionMask = 2147483647;
			files = (
				4A6137EC20AAE14900C77B2E /* SAMPLETests.m in Sources */,
			);
			runOnlyForDeploymentPostprocessing = 0;
		};
		4A6137EE20AAE14900C77B2E /* Sources */ = {
			isa = PBXSourcesBuildPhase;
			buildActionMask = 2147483647;
			files = (
				4A6137F720AAE14900C77B2E /* SAMPLEUITests.m in Sources */,
			);
			runOnlyForDeploymentPostprocessing = 0;
		};
/* End PBXSourcesBuildPhase section */

/* Begin PBXTargetDependency section */
		4A6137E920AAE14900C77B2E /* PBXTargetDependency */ = {
			isa = PBXTargetDependency;
			target = 4A6137CB20AAE14700C77B2E /* SAMPLE */;
			targetProxy = 4A6137E820AAE14900C77B2E /* PBXContainerItemProxy */;
		};
		4A6137F420AAE14900C77B2E /* PBXTargetDependency */ = {
			isa = PBXTargetDependency;
			target = 4A6137CB20AAE14700C77B2E /* SAMPLE */;
			targetProxy = 4A6137F320AAE14900C77B2E /* PBXContainerItemProxy */;
		};
/* End PBXTargetDependency section */

/* Begin PBXVariantGroup section */
		4A6137D520AAE14700C77B2E /* Main.storyboard */ = {
			isa = PBXVariantGroup;
			children = (
				4A6137D620AAE14700C77B2E /* Base */,
			);
			name = Main.storyboard;
			sourceTree = "<group>";
		};
		4A6137DD20AAE14900C77B2E /* LaunchScreen.storyboard */ = {
			isa = PBXVariantGroup;
			children = (
				4A6137DE20AAE14900C77B2E /* Base */,
			);
			name = LaunchScreen.storyboard;
			sourceTree = "<group>";
		};
/* End PBXVariantGroup section */

/* Begin XCBuildConfiguration section */
		4A6137F920AAE14900C77B2E /* Debug */ = {
			isa = XCBuildConfiguration;
			buildSettings = {
				ALWAYS_SEARCH_USER_PATHS = NO;
				CLANG_ANALYZER_NONNULL = YES;
				CLANG_ANALYZER_NUMBER_OBJECT_CONVERSION = YES_AGGRESSIVE;
				CLANG_CXX_LANGUAGE_STANDARD = "gnu++14";
				CLANG_CXX_LIBRARY = "libc++";
				CLANG_ENABLE_MODULES = YES;
				CLANG_ENABLE_OBJC_ARC = YES;
				CLANG_ENABLE_OBJC_WEAK = YES;
				CLANG_WARN_BLOCK_CAPTURE_AUTORELEASING = YES;
				CLANG_WARN_BOOL_CONVERSION = YES;
				CLANG_WARN_COMMA = YES;
				CLANG_WARN_CONSTANT_CONVERSION = YES;
				CLANG_WARN_DEPRECATED_OBJC_IMPLEMENTATIONS = YES;
				CLANG_WARN_DIRECT_OBJC_ISA_USAGE = YES_ERROR;
				CLANG_WARN_DOCUMENTATION_COMMENTS = YES;
				CLANG_WARN_EMPTY_BODY = YES;
				CLANG_WARN_ENUM_CONVERSION = YES;
				CLANG_WARN_INFINITE_RECURSION = YES;
				CLANG_WARN_INT_CONVERSION = YES;
				CLANG_WARN_NON_LITERAL_NULL_CONVERSION = YES;
				CLANG_WARN_OBJC_IMPLICIT_RETAIN_SELF = YES;
				CLANG_WARN_OBJC_LITERAL_CONVERSION = YES;
				CLANG_WARN_OBJC_ROOT_CLASS = YES_ERROR;
				CLANG_WARN_RANGE_LOOP_ANALYSIS = YES;
				CLANG_WARN_STRICT_PROTOTYPES = YES;
				CLANG_WARN_SUSPICIOUS_MOVE = YES;
				CLANG_WARN_UNGUARDED_AVAILABILITY = YES_AGGRESSIVE;
				CLANG_WARN_UNREACHABLE_CODE = YES;
				CLANG_WARN__DUPLICATE_METHOD_MATCH = YES;
				CODE_SIGN_IDENTITY = "iPhone Developer";
				COPY_PHASE_STRIP = NO;
				DEBUG_INFORMATION_FORMAT = dwarf;
				ENABLE_STRICT_OBJC_MSGSEND = YES;
				ENABLE_TESTABILITY = YES;
				GCC_C_LANGUAGE_STANDARD = gnu11;
				GCC_DYNAMIC_NO_PIC = NO;
				GCC_NO_COMMON_BLOCKS = YES;
				GCC_OPTIMIZATION_LEVEL = 0;
				GCC_PREPROCESSOR_DEFINITIONS = (
					"DEBUG=1",
					"$(inherited)",
				);
				GCC_WARN_64_TO_32_BIT_CONVERSION = YES;
				GCC_WARN_ABOUT_RETURN_TYPE = YES_ERROR;
				GCC_WARN_UNDECLARED_SELECTOR = YES;
				GCC_WARN_UNINITIALIZED_AUTOS = YES_AGGRESSIVE;
				GCC_WARN_UNUSED_FUNCTION = YES;
				GCC_WARN_UNUSED_VARIABLE = YES;
				IPHONEOS_DEPLOYMENT_TARGET = 11.3;
				MTL_ENABLE_DEBUG_INFO = YES;
				ONLY_ACTIVE_ARCH = YES;
				SDKROOT = iphoneos;
			};
			name = Debug;
		};
		4A6137FA20AAE14900C77B2E /* Release */ = {
			isa = XCBuildConfiguration;
			buildSettings = {
				ALWAYS_SEARCH_USER_PATHS = NO;
				CLANG_ANALYZER_NONNULL = YES;
				CLANG_ANALYZER_NUMBER_OBJECT_CONVERSION = YES_AGGRESSIVE;
				CLANG_CXX_LANGUAGE_STANDARD = "gnu++14";
				CLANG_CXX_LIBRARY = "libc++";
				CLANG_ENABLE_MODULES = YES;
				CLANG_ENABLE_OBJC_ARC = YES;
				CLANG_ENABLE_OBJC_WEAK = YES;
				CLANG_WARN_BLOCK_CAPTURE_AUTORELEASING = YES;
				CLANG_WARN_BOOL_CONVERSION = YES;
				CLANG_WARN_COMMA = YES;
				CLANG_WARN_CONSTANT_CONVERSION = YES;
				CLANG_WARN_DEPRECATED_OBJC_IMPLEMENTATIONS = YES;
				CLANG_WARN_DIRECT_OBJC_ISA_USAGE = YES_ERROR;
				CLANG_WARN_DOCUMENTATION_COMMENTS = YES;
				CLANG_WARN_EMPTY_BODY = YES;
				CLANG_WARN_ENUM_CONVERSION = YES;
				CLANG_WARN_INFINITE_RECURSION = YES;
				CLANG_WARN_INT_CONVERSION = YES;
				CLANG_WARN_NON_LITERAL_NULL_CONVERSION = YES;
				CLANG_WARN_OBJC_IMPLICIT_RETAIN_SELF = YES;
				CLANG_WARN_OBJC_LITERAL_CONVERSION = YES;
				CLANG_WARN_OBJC_ROOT_CLASS = YES_ERROR;
				CLANG_WARN_RANGE_LOOP_ANALYSIS = YES;
				CLANG_WARN_STRICT_PROTOTYPES = YES;
				CLANG_WARN_SUSPICIOUS_MOVE = YES;
				CLANG_WARN_UNGUARDED_AVAILABILITY = YES_AGGRESSIVE;
				CLANG_WARN_UNREACHABLE_CODE = YES;
				CLANG_WARN__DUPLICATE_METHOD_MATCH = YES;
				CODE_SIGN_IDENTITY = "iPhone Developer";
				COPY_PHASE_STRIP = NO;
				DEBUG_INFORMATION_FORMAT = "dwarf-with-dsym";
				ENABLE_NS_ASSERTIONS = NO;
				ENABLE_STRICT_OBJC_MSGSEND = YES;
				GCC_C_LANGUAGE_STANDARD = gnu11;
				GCC_NO_COMMON_BLOCKS = YES;
				GCC_WARN_64_TO_32_BIT_CONVERSION = YES;
				GCC_WARN_ABOUT_RETURN_TYPE = YES_ERROR;
				GCC_WARN_UNDECLARED_SELECTOR = YES;
				GCC_WARN_UNINITIALIZED_AUTOS = YES_AGGRESSIVE;
				GCC_WARN_UNUSED_FUNCTION = YES;
				GCC_WARN_UNUSED_VARIABLE = YES;
				IPHONEOS_DEPLOYMENT_TARGET = 11.3;
				MTL_ENABLE_DEBUG_INFO = NO;
				SDKROOT = iphoneos;
				VALIDATE_PRODUCT = YES;
			};
			name = Release;
		};
		4A6137FC20AAE14900C77B2E /* Debug */ = {
			isa = XCBuildConfiguration;
			buildSettings = {
				ASSETCATALOG_COMPILER_APPICON_NAME = AppIcon;
				CODE_SIGN_STYLE = Automatic;
				INFOPLIST_FILE = SAMPLE/Info.plist;
				LD_RUNPATH_SEARCH_PATHS = (
					"$(inherited)",
					"@executable_path/Frameworks",
				);
				PRODUCT_BUNDLE_IDENTIFIER = IDK.LOVINA.SAMPLE;
				PRODUCT_NAME = "$(TARGET_NAME)";
				TARGETED_DEVICE_FAMILY = "1,2";
			};
			name = Debug;
		};
		4A6137FD20AAE14900C77B2E /* Release */ = {
			isa = XCBuildConfiguration;
			buildSettings = {
				ASSETCATALOG_COMPILER_APPICON_NAME = AppIcon;
				CODE_SIGN_STYLE = Automatic;
				INFOPLIST_FILE = SAMPLE/Info.plist;
				LD_RUNPATH_SEARCH_PATHS = (
					"$(inherited)",
					"@executable_path/Frameworks",
				);
				PRODUCT_BUNDLE_IDENTIFIER = IDK.LOVINA.SAMPLE;
				PRODUCT_NAME = "$(TARGET_NAME)";
				TARGETED_DEVICE_FAMILY = "1,2";
			};
			name = Release;
		};
		4A6137FF20AAE14900C77B2E /* Debug */ = {
			isa = XCBuildConfiguration;
			buildSettings = {
				BUNDLE_LOADER = "$(TEST_HOST)";
				CODE_SIGN_STYLE = Automatic;
				INFOPLIST_FILE = SAMPLETests/Info.plist;
				LD_RUNPATH_SEARCH_PATHS = (
					"$(inherited)",
					"@executable_path/Frameworks",
					"@loader_path/Frameworks",
				);
				PRODUCT_BUNDLE_IDENTIFIER = IDK.LOVINA.SAMPLETests;
				PRODUCT_NAME = "$(TARGET_NAME)";
				TARGETED_DEVICE_FAMILY = "1,2";
				TEST_HOST = "$(BUILT_PRODUCTS_DIR)/SAMPLE.app/SAMPLE";
			};
			name = Debug;
		};
		4A61380020AAE14900C77B2E /* Release */ = {
			isa = XCBuildConfiguration;
			buildSettings = {
				BUNDLE_LOADER = "$(TEST_HOST)";
				CODE_SIGN_STYLE = Automatic;
				INFOPLIST_FILE = SAMPLETests/Info.plist;
				LD_RUNPATH_SEARCH_PATHS = (
					"$(inherited)",
					"@executable_path/Frameworks",
					"@loader_path/Frameworks",
				);
				PRODUCT_BUNDLE_IDENTIFIER = IDK.LOVINA.SAMPLETests;
				PRODUCT_NAME = "$(TARGET_NAME)";
				TARGETED_DEVICE_FAMILY = "1,2";
				TEST_HOST = "$(BUILT_PRODUCTS_DIR)/SAMPLE.app/SAMPLE";
			};
			name = Release;
		};
		4A61380220AAE14900C77B2E /* Debug */ = {
			isa = XCBuildConfiguration;
			buildSettings = {
				CODE_SIGN_STYLE = Automatic;
				INFOPLIST_FILE = SAMPLEUITests/Info.plist;
				LD_RUNPATH_SEARCH_PATHS = (
					"$(inherited)",
					"@executable_path/Frameworks",
					"@loader_path/Frameworks",
				);
				PRODUCT_BUNDLE_IDENTIFIER = IDK.LOVINA.SAMPLEUITests;
				PRODUCT_NAME = "$(TARGET_NAME)";
				TARGETED_DEVICE_FAMILY = "1,2";
				TEST_TARGET_NAME = SAMPLE;
			};
			name = Debug;
		};
		4A61380320AAE14900C77B2E /* Release */ = {
			isa = XCBuildConfiguration;
			buildSettings = {
				CODE_SIGN_STYLE = Automatic;
				INFOPLIST_FILE = SAMPLEUITests/Info.plist;
				LD_RUNPATH_SEARCH_PATHS = (
					"$(inherited)",
					"@executable_path/Frameworks",
					"@loader_path/Frameworks",
				);
				PRODUCT_BUNDLE_IDENTIFIER = IDK.LOVINA.SAMPLEUITests;
				PRODUCT_NAME = "$(TARGET_NAME)";
				TARGETED_DEVICE_FAMILY = "1,2";
				TEST_TARGET_NAME = SAMPLE;
			};
			name = Release;
		};
/* End XCBuildConfiguration section */

/* Begin XCConfigurationList section */
		4A6137C720AAE14700C77B2E /* Build configuration list for PBXProject "SAMPLE" */ = {
			isa = XCConfigurationList;
			buildConfigurations = (
				4A6137F920AAE14900C77B2E /* Debug */,
				4A6137FA20AAE14900C77B2E /* Release */,
			);
			defaultConfigurationIsVisible = 0;
			defaultConfigurationName = Release;
		};
		4A6137FB20AAE14900C77B2E /* Build configuration list for PBXNativeTarget "SAMPLE" */ = {
			isa = XCConfigurationList;
			buildConfigurations = (
				4A6137FC20AAE14900C77B2E /* Debug */,
				4A6137FD20AAE14900C77B2E /* Release */,
			);
			defaultConfigurationIsVisible = 0;
			defaultConfigurationName = Release;
		};
		4A6137FE20AAE14900C77B2E /* Build configuration list for PBXNativeTarget "SAMPLETests" */ = {
			isa = XCConfigurationList;
			buildConfigurations = (
				4A6137FF20AAE14900C77B2E /* Debug */,
				4A61380020AAE14900C77B2E /* Release */,
			);
			defaultConfigurationIsVisible = 0;
			defaultConfigurationName = Release;
		};
		4A61380120AAE14900C77B2E /* Build configuration list for PBXNativeTarget "SAMPLEUITests" */ = {
			isa = XCConfigurationList;
			buildConfigurations = (
				4A61380220AAE14900C77B2E /* Debug */,
				4A61380320AAE14900C77B2E /* Release */,
			);
			defaultConfigurationIsVisible = 0;
			defaultConfigurationName = Release;
		};
/* End XCConfigurationList section */

/* Begin XCVersionGroup section */
		4A6137D820AAE14700C77B2E /* SAMPLE.xcdatamodeld */ = {
			isa = XCVersionGroup;
			children = (
				4A6137D920AAE14700C77B2E /* SAMPLE.xcdatamodel */,
			);
			currentVersion = 4A6137D920AAE14700C77B2E /* SAMPLE.xcdatamodel */;
			path = SAMPLE.xcdatamodeld;
			sourceTree = "<group>";
			versionGroupType = wrapper.xcdatamodel;
		};
/* End XCVersionGroup section */
	};
	rootObject = 4A6137C420AAE14700C77B2E /* Project object */;
}
